// !$*UTF8*$!
{
	archiveVersion = 1;
	classes = {
	};
	objectVersion = 50;
	objects = {

/* Begin PBXBuildFile section */
		97FA14DC238CD84D00E4FC53 /* AppDelegate.swift in Sources */ = {isa = PBXBuildFile; fileRef = 97FA14DB238CD84D00E4FC53 /* AppDelegate.swift */; };
		97FA14DE238CD84D00E4FC53 /* GameScene.sks in Resources */ = {isa = PBXBuildFile; fileRef = 97FA14DD238CD84D00E4FC53 /* GameScene.sks */; };
		97FA14E0238CD84D00E4FC53 /* Actions.sks in Resources */ = {isa = PBXBuildFile; fileRef = 97FA14DF238CD84D00E4FC53 /* Actions.sks */; };
		97FA14E2238CD84D00E4FC53 /* GameScene.swift in Sources */ = {isa = PBXBuildFile; fileRef = 97FA14E1238CD84D00E4FC53 /* GameScene.swift */; };
		97FA14E4238CD84D00E4FC53 /* GameViewController.swift in Sources */ = {isa = PBXBuildFile; fileRef = 97FA14E3238CD84D00E4FC53 /* GameViewController.swift */; };
		97FA14E7238CD84D00E4FC53 /* Main.storyboard in Resources */ = {isa = PBXBuildFile; fileRef = 97FA14E5238CD84D00E4FC53 /* Main.storyboard */; };
		97FA14E9238CD84F00E4FC53 /* Assets.xcassets in Resources */ = {isa = PBXBuildFile; fileRef = 97FA14E8238CD84F00E4FC53 /* Assets.xcassets */; };
		97FA14EC238CD84F00E4FC53 /* LaunchScreen.storyboard in Resources */ = {isa = PBXBuildFile; fileRef = 97FA14EA238CD84F00E4FC53 /* LaunchScreen.storyboard */; };
		97FA1500238CD87A00E4FC53 /* character2@2x.png in Resources */ = {isa = PBXBuildFile; fileRef = 97FA14F4238CD87A00E4FC53 /* character2@2x.png */; };
		97FA1501238CD87A00E4FC53 /* tap_left@2x.png in Resources */ = {isa = PBXBuildFile; fileRef = 97FA14F5238CD87A00E4FC53 /* tap_left@2x.png */; };
		97FA1502238CD87A00E4FC53 /* life_bg@2x.png in Resources */ = {isa = PBXBuildFile; fileRef = 97FA14F6238CD87A00E4FC53 /* life_bg@2x.png */; };
		97FA1503238CD87A00E4FC53 /* roll@2x.png in Resources */ = {isa = PBXBuildFile; fileRef = 97FA14F7238CD87A00E4FC53 /* roll@2x.png */; };
		97FA1504238CD87A00E4FC53 /* tap_right@2x.png in Resources */ = {isa = PBXBuildFile; fileRef = 97FA14F8238CD87A00E4FC53 /* tap_right@2x.png */; };
		97FA1505238CD87A00E4FC53 /* chopstick@2x.png in Resources */ = {isa = PBXBuildFile; fileRef = 97FA14F9238CD87A00E4FC53 /* chopstick@2x.png */; };
		97FA1506238CD87A00E4FC53 /* character1@2x.png in Resources */ = {isa = PBXBuildFile; fileRef = 97FA14FA238CD87A00E4FC53 /* character1@2x.png */; };
		97FA1507238CD87A00E4FC53 /* life@2x.png in Resources */ = {isa = PBXBuildFile; fileRef = 97FA14FB238CD87A00E4FC53 /* life@2x.png */; };
		97FA1508238CD87A00E4FC53 /* character3@2x.png in Resources */ = {isa = PBXBuildFile; fileRef = 97FA14FC238CD87A00E4FC53 /* character3@2x.png */; };
		97FA1509238CD87A00E4FC53 /* button@2x.png in Resources */ = {isa = PBXBuildFile; fileRef = 97FA14FD238CD87A00E4FC53 /* button@2x.png */; };
		97FA150A238CD87A00E4FC53 /* background@2x.png in Resources */ = {isa = PBXBuildFile; fileRef = 97FA14FE238CD87A00E4FC53 /* background@2x.png */; };
		97FA150B238CD87A00E4FC53 /* mat@2x.png in Resources */ = {isa = PBXBuildFile; fileRef = 97FA14FF238CD87A00E4FC53 /* mat@2x.png */; };
		97FA150E238CD89600E4FC53 /* sfx_swipe.caf in Resources */ = {isa = PBXBuildFile; fileRef = 97FA150D238CD89600E4FC53 /* sfx_swipe.caf */; };
		97FA1510238CD8CB00E4FC53 /* MSButtonNode.swift in Sources */ = {isa = PBXBuildFile; fileRef = 97FA150F238CD8CB00E4FC53 /* MSButtonNode.swift */; };
		97FA1513238CDC2500E4FC53 /* SushiPiece.swift in Sources */ = {isa = PBXBuildFile; fileRef = 97FA1512238CDC2500E4FC53 /* SushiPiece.swift */; };
		97FA1515238CDE5300E4FC53 /* Character.swift in Sources */ = {isa = PBXBuildFile; fileRef = 97FA1514238CDE5300E4FC53 /* Character.swift */; };
		97FA1517238CECDE00E4FC53 /* AnimationActions.sks in Resources */ = {isa = PBXBuildFile; fileRef = 97FA1516238CECDE00E4FC53 /* AnimationActions.sks */; };
/* End PBXBuildFile section */

/* Begin PBXFileReference section */
		97FA14D8238CD84D00E4FC53 /* Sushi2.app */ = {isa = PBXFileReference; explicitFileType = wrapper.application; includeInIndex = 0; path = Sushi2.app; sourceTree = BUILT_PRODUCTS_DIR; };
		97FA14DB238CD84D00E4FC53 /* AppDelegate.swift */ = {isa = PBXFileReference; lastKnownFileType = sourcecode.swift; path = AppDelegate.swift; sourceTree = "<group>"; };
		97FA14DD238CD84D00E4FC53 /* GameScene.sks */ = {isa = PBXFileReference; lastKnownFileType = file.sks; path = GameScene.sks; sourceTree = "<group>"; };
		97FA14DF238CD84D00E4FC53 /* Actions.sks */ = {isa = PBXFileReference; lastKnownFileType = file.sks; path = Actions.sks; sourceTree = "<group>"; };
		97FA14E1238CD84D00E4FC53 /* GameScene.swift */ = {isa = PBXFileReference; lastKnownFileType = sourcecode.swift; path = GameScene.swift; sourceTree = "<group>"; };
		97FA14E3238CD84D00E4FC53 /* GameViewController.swift */ = {isa = PBXFileReference; lastKnownFileType = sourcecode.swift; path = GameViewController.swift; sourceTree = "<group>"; };
		97FA14E6238CD84D00E4FC53 /* Base */ = {isa = PBXFileReference; lastKnownFileType = file.storyboard; name = Base; path = Base.lproj/Main.storyboard; sourceTree = "<group>"; };
		97FA14E8238CD84F00E4FC53 /* Assets.xcassets */ = {isa = PBXFileReference; lastKnownFileType = folder.assetcatalog; path = Assets.xcassets; sourceTree = "<group>"; };
		97FA14EB238CD84F00E4FC53 /* Base */ = {isa = PBXFileReference; lastKnownFileType = file.storyboard; name = Base; path = Base.lproj/LaunchScreen.storyboard; sourceTree = "<group>"; };
		97FA14ED238CD84F00E4FC53 /* Info.plist */ = {isa = PBXFileReference; lastKnownFileType = text.plist.xml; path = Info.plist; sourceTree = "<group>"; };
		97FA14F4238CD87A00E4FC53 /* character2@2x.png */ = {isa = PBXFileReference; lastKnownFileType = image.png; path = "character2@2x.png"; sourceTree = "<group>"; };
		97FA14F5238CD87A00E4FC53 /* tap_left@2x.png */ = {isa = PBXFileReference; lastKnownFileType = image.png; path = "tap_left@2x.png"; sourceTree = "<group>"; };
		97FA14F6238CD87A00E4FC53 /* life_bg@2x.png */ = {isa = PBXFileReference; lastKnownFileType = image.png; path = "life_bg@2x.png"; sourceTree = "<group>"; };
		97FA14F7238CD87A00E4FC53 /* roll@2x.png */ = {isa = PBXFileReference; lastKnownFileType = image.png; path = "roll@2x.png"; sourceTree = "<group>"; };
		97FA14F8238CD87A00E4FC53 /* tap_right@2x.png */ = {isa = PBXFileReference; lastKnownFileType = image.png; path = "tap_right@2x.png"; sourceTree = "<group>"; };
		97FA14F9238CD87A00E4FC53 /* chopstick@2x.png */ = {isa = PBXFileReference; lastKnownFileType = image.png; path = "chopstick@2x.png"; sourceTree = "<group>"; };
		97FA14FA238CD87A00E4FC53 /* character1@2x.png */ = {isa = PBXFileReference; lastKnownFileType = image.png; path = "character1@2x.png"; sourceTree = "<group>"; };
		97FA14FB238CD87A00E4FC53 /* life@2x.png */ = {isa = PBXFileReference; lastKnownFileType = image.png; path = "life@2x.png"; sourceTree = "<group>"; };
		97FA14FC238CD87A00E4FC53 /* character3@2x.png */ = {isa = PBXFileReference; lastKnownFileType = image.png; path = "character3@2x.png"; sourceTree = "<group>"; };
		97FA14FD238CD87A00E4FC53 /* button@2x.png */ = {isa = PBXFileReference; lastKnownFileType = image.png; path = "button@2x.png"; sourceTree = "<group>"; };
		97FA14FE238CD87A00E4FC53 /* background@2x.png */ = {isa = PBXFileReference; lastKnownFileType = image.png; path = "background@2x.png"; sourceTree = "<group>"; };
		97FA14FF238CD87A00E4FC53 /* mat@2x.png */ = {isa = PBXFileReference; lastKnownFileType = image.png; path = "mat@2x.png"; sourceTree = "<group>"; };
		97FA150D238CD89600E4FC53 /* sfx_swipe.caf */ = {isa = PBXFileReference; lastKnownFileType = file; path = sfx_swipe.caf; sourceTree = "<group>"; };
		97FA150F238CD8CB00E4FC53 /* MSButtonNode.swift */ = {isa = PBXFileReference; lastKnownFileType = sourcecode.swift; path = MSButtonNode.swift; sourceTree = "<group>"; };
		97FA1512238CDC2500E4FC53 /* SushiPiece.swift */ = {isa = PBXFileReference; lastKnownFileType = sourcecode.swift; path = SushiPiece.swift; sourceTree = "<group>"; };
		97FA1514238CDE5300E4FC53 /* Character.swift */ = {isa = PBXFileReference; lastKnownFileType = sourcecode.swift; path = Character.swift; sourceTree = "<group>"; };
		97FA1516238CECDE00E4FC53 /* AnimationActions.sks */ = {isa = PBXFileReference; lastKnownFileType = file.sks; path = AnimationActions.sks; sourceTree = "<group>"; };
/* End PBXFileReference section */

/* Begin PBXFrameworksBuildPhase section */
		97FA14D5238CD84D00E4FC53 /* Frameworks */ = {
			isa = PBXFrameworksBuildPhase;
			buildActionMask = 2147483647;
			files = (
			);
			runOnlyForDeploymentPostprocessing = 0;
		};
/* End PBXFrameworksBuildPhase section */

/* Begin PBXGroup section */
		97FA14CF238CD84D00E4FC53 = {
			isa = PBXGroup;
			children = (
				97FA14DA238CD84D00E4FC53 /* Sushi2 */,
				97FA14D9238CD84D00E4FC53 /* Products */,
			);
			sourceTree = "<group>";
		};
		97FA14D9238CD84D00E4FC53 /* Products */ = {
			isa = PBXGroup;
			children = (
				97FA14D8238CD84D00E4FC53 /* Sushi2.app */,
			);
			name = Products;
			sourceTree = "<group>";
		};
		97FA14DA238CD84D00E4FC53 /* Sushi2 */ = {
			isa = PBXGroup;
			children = (
				97FA150C238CD89600E4FC53 /* SFX 2 */,
				97FA14DB238CD84D00E4FC53 /* AppDelegate.swift */,
				97FA1516238CECDE00E4FC53 /* AnimationActions.sks */,
				97FA14DD238CD84D00E4FC53 /* GameScene.sks */,
				97FA1514238CDE5300E4FC53 /* Character.swift */,
				97FA150F238CD8CB00E4FC53 /* MSButtonNode.swift */,
				97FA14DF238CD84D00E4FC53 /* Actions.sks */,
				97FA14E1238CD84D00E4FC53 /* GameScene.swift */,
				97FA1512238CDC2500E4FC53 /* SushiPiece.swift */,
				97FA14E3238CD84D00E4FC53 /* GameViewController.swift */,
				97FA14E5238CD84D00E4FC53 /* Main.storyboard */,
				97FA14E8238CD84F00E4FC53 /* Assets.xcassets */,
				97FA14F3238CD87A00E4FC53 /* assets.atlas 2 */,
				97FA14EA238CD84F00E4FC53 /* LaunchScreen.storyboard */,
				97FA14ED238CD84F00E4FC53 /* Info.plist */,
			);
			path = Sushi2;
			sourceTree = "<group>";
		};
		97FA14F3238CD87A00E4FC53 /* assets.atlas 2 */ = {
			isa = PBXGroup;
			children = (
				97FA14F4238CD87A00E4FC53 /* character2@2x.png */,
				97FA14F5238CD87A00E4FC53 /* tap_left@2x.png */,
				97FA14F6238CD87A00E4FC53 /* life_bg@2x.png */,
				97FA14F7238CD87A00E4FC53 /* roll@2x.png */,
				97FA14F8238CD87A00E4FC53 /* tap_right@2x.png */,
				97FA14F9238CD87A00E4FC53 /* chopstick@2x.png */,
				97FA14FA238CD87A00E4FC53 /* character1@2x.png */,
				97FA14FB238CD87A00E4FC53 /* life@2x.png */,
				97FA14FC238CD87A00E4FC53 /* character3@2x.png */,
				97FA14FD238CD87A00E4FC53 /* button@2x.png */,
				97FA14FE238CD87A00E4FC53 /* background@2x.png */,
				97FA14FF238CD87A00E4FC53 /* mat@2x.png */,
			);
			path = "assets.atlas 2";
			sourceTree = "<group>";
		};
		97FA150C238CD89600E4FC53 /* SFX 2 */ = {
			isa = PBXGroup;
			children = (
				97FA150D238CD89600E4FC53 /* sfx_swipe.caf */,
			);
			path = "SFX 2";
			sourceTree = "<group>";
		};
/* End PBXGroup section */

/* Begin PBXNativeTarget section */
		97FA14D7238CD84D00E4FC53 /* Sushi2 */ = {
			isa = PBXNativeTarget;
			buildConfigurationList = 97FA14F0238CD84F00E4FC53 /* Build configuration list for PBXNativeTarget "Sushi2" */;
			buildPhases = (
				97FA14D4238CD84D00E4FC53 /* Sources */,
				97FA14D5238CD84D00E4FC53 /* Frameworks */,
				97FA14D6238CD84D00E4FC53 /* Resources */,
			);
			buildRules = (
			);
			dependencies = (
			);
			name = Sushi2;
			productName = Sushi2;
			productReference = 97FA14D8238CD84D00E4FC53 /* Sushi2.app */;
			productType = "com.apple.product-type.application";
		};
/* End PBXNativeTarget section */

/* Begin PBXProject section */
		97FA14D0238CD84D00E4FC53 /* Project object */ = {
			isa = PBXProject;
			attributes = {
				LastSwiftUpdateCheck = 1120;
				LastUpgradeCheck = 1120;
				ORGANIZATIONNAME = "Make School";
				TargetAttributes = {
					97FA14D7238CD84D00E4FC53 = {
						CreatedOnToolsVersion = 11.2.1;
					};
				};
			};
			buildConfigurationList = 97FA14D3238CD84D00E4FC53 /* Build configuration list for PBXProject "Sushi2" */;
			compatibilityVersion = "Xcode 9.3";
			developmentRegion = en;
			hasScannedForEncodings = 0;
			knownRegions = (
				en,
				Base,
			);
			mainGroup = 97FA14CF238CD84D00E4FC53;
			productRefGroup = 97FA14D9238CD84D00E4FC53 /* Products */;
			projectDirPath = "";
			projectRoot = "";
			targets = (
				97FA14D7238CD84D00E4FC53 /* Sushi2 */,
			);
		};
/* End PBXProject section */

/* Begin PBXResourcesBuildPhase section */
		97FA14D6238CD84D00E4FC53 /* Resources */ = {
			isa = PBXResourcesBuildPhase;
			buildActionMask = 2147483647;
			files = (
				97FA1506238CD87A00E4FC53 /* character1@2x.png in Resources */,
				97FA150B238CD87A00E4FC53 /* mat@2x.png in Resources */,
				97FA14E7238CD84D00E4FC53 /* Main.storyboard in Resources */,
				97FA1500238CD87A00E4FC53 /* character2@2x.png in Resources */,
				97FA1505238CD87A00E4FC53 /* chopstick@2x.png in Resources */,
				97FA1508238CD87A00E4FC53 /* character3@2x.png in Resources */,
				97FA14DE238CD84D00E4FC53 /* GameScene.sks in Resources */,
				97FA1503238CD87A00E4FC53 /* roll@2x.png in Resources */,
				97FA1509238CD87A00E4FC53 /* button@2x.png in Resources */,
				97FA1507238CD87A00E4FC53 /* life@2x.png in Resources */,
				97FA1502238CD87A00E4FC53 /* life_bg@2x.png in Resources */,
				97FA14E9238CD84F00E4FC53 /* Assets.xcassets in Resources */,
				97FA14EC238CD84F00E4FC53 /* LaunchScreen.storyboard in Resources */,
				97FA150E238CD89600E4FC53 /* sfx_swipe.caf in Resources */,
				97FA1504238CD87A00E4FC53 /* tap_right@2x.png in Resources */,
				97FA14E0238CD84D00E4FC53 /* Actions.sks in Resources */,
				97FA150A238CD87A00E4FC53 /* background@2x.png in Resources */,
				97FA1501238CD87A00E4FC53 /* tap_left@2x.png in Resources */,
				97FA1517238CECDE00E4FC53 /* AnimationActions.sks in Resources */,
			);
			runOnlyForDeploymentPostprocessing = 0;
		};
/* End PBXResourcesBuildPhase section */

/* Begin PBXSourcesBuildPhase section */
		97FA14D4238CD84D00E4FC53 /* Sources */ = {
			isa = PBXSourcesBuildPhase;
			buildActionMask = 2147483647;
			files = (
				97FA14E2238CD84D00E4FC53 /* GameScene.swift in Sources */,
				97FA14E4238CD84D00E4FC53 /* GameViewController.swift in Sources */,
				97FA14DC238CD84D00E4FC53 /* AppDelegate.swift in Sources */,
				97FA1515238CDE5300E4FC53 /* Character.swift in Sources */,
				97FA1513238CDC2500E4FC53 /* SushiPiece.swift in Sources */,
				97FA1510238CD8CB00E4FC53 /* MSButtonNode.swift in Sources */,
			);
			runOnlyForDeploymentPostprocessing = 0;
		};
/* End PBXSourcesBuildPhase section */

/* Begin PBXVariantGroup section */
		97FA14E5238CD84D00E4FC53 /* Main.storyboard */ = {
			isa = PBXVariantGroup;
			children = (
				97FA14E6238CD84D00E4FC53 /* Base */,
			);
			name = Main.storyboard;
			sourceTree = "<group>";
		};
		97FA14EA238CD84F00E4FC53 /* LaunchScreen.storyboard */ = {
			isa = PBXVariantGroup;
			children = (
				97FA14EB238CD84F00E4FC53 /* Base */,
			);
			name = LaunchScreen.storyboard;
			sourceTree = "<group>";
		};
/* End PBXVariantGroup section */

/* Begin XCBuildConfiguration section */
		97FA14EE238CD84F00E4FC53 /* Debug */ = {
			isa = XCBuildConfiguration;
			buildSettings = {
				ALWAYS_SEARCH_USER_PATHS = NO;
				CLANG_ANALYZER_NONNULL = YES;
				CLANG_ANALYZER_NUMBER_OBJECT_CONVERSION = YES_AGGRESSIVE;
				CLANG_CXX_LANGUAGE_STANDARD = "gnu++14";
				CLANG_CXX_LIBRARY = "libc++";
				CLANG_ENABLE_MODULES = YES;
				CLANG_ENABLE_OBJC_ARC = YES;
				CLANG_ENABLE_OBJC_WEAK = YES;
				CLANG_WARN_BLOCK_CAPTURE_AUTORELEASING = YES;
				CLANG_WARN_BOOL_CONVERSION = YES;
				CLANG_WARN_COMMA = YES;
				CLANG_WARN_CONSTANT_CONVERSION = YES;
				CLANG_WARN_DEPRECATED_OBJC_IMPLEMENTATIONS = YES;
				CLANG_WARN_DIRECT_OBJC_ISA_USAGE = YES_ERROR;
				CLANG_WARN_DOCUMENTATION_COMMENTS = YES;
				CLANG_WARN_EMPTY_BODY = YES;
				CLANG_WARN_ENUM_CONVERSION = YES;
				CLANG_WARN_INFINITE_RECURSION = YES;
				CLANG_WARN_INT_CONVERSION = YES;
				CLANG_WARN_NON_LITERAL_NULL_CONVERSION = YES;
				CLANG_WARN_OBJC_IMPLICIT_RETAIN_SELF = YES;
				CLANG_WARN_OBJC_LITERAL_CONVERSION = YES;
				CLANG_WARN_OBJC_ROOT_CLASS = YES_ERROR;
				CLANG_WARN_RANGE_LOOP_ANALYSIS = YES;
				CLANG_WARN_STRICT_PROTOTYPES = YES;
				CLANG_WARN_SUSPICIOUS_MOVE = YES;
				CLANG_WARN_UNGUARDED_AVAILABILITY = YES_AGGRESSIVE;
				CLANG_WARN_UNREACHABLE_CODE = YES;
				CLANG_WARN__DUPLICATE_METHOD_MATCH = YES;
				COPY_PHASE_STRIP = NO;
				DEBUG_INFORMATION_FORMAT = dwarf;
				ENABLE_STRICT_OBJC_MSGSEND = YES;
				ENABLE_TESTABILITY = YES;
				GCC_C_LANGUAGE_STANDARD = gnu11;
				GCC_DYNAMIC_NO_PIC = NO;
				GCC_NO_COMMON_BLOCKS = YES;
				GCC_OPTIMIZATION_LEVEL = 0;
				GCC_PREPROCESSOR_DEFINITIONS = (
					"DEBUG=1",
					"$(inherited)",
				);
				GCC_WARN_64_TO_32_BIT_CONVERSION = YES;
				GCC_WARN_ABOUT_RETURN_TYPE = YES_ERROR;
				GCC_WARN_UNDECLARED_SELECTOR = YES;
				GCC_WARN_UNINITIALIZED_AUTOS = YES_AGGRESSIVE;
				GCC_WARN_UNUSED_FUNCTION = YES;
				GCC_WARN_UNUSED_VARIABLE = YES;
				IPHONEOS_DEPLOYMENT_TARGET = 13.2;
				MTL_ENABLE_DEBUG_INFO = INCLUDE_SOURCE;
				MTL_FAST_MATH = YES;
				ONLY_ACTIVE_ARCH = YES;
				SDKROOT = iphoneos;
				SWIFT_ACTIVE_COMPILATION_CONDITIONS = DEBUG;
				SWIFT_OPTIMIZATION_LEVEL = "-Onone";
			};
			name = Debug;
		};
		97FA14EF238CD84F00E4FC53 /* Release */ = {
			isa = XCBuildConfiguration;
			buildSettings = {
				ALWAYS_SEARCH_USER_PATHS = NO;
				CLANG_ANALYZER_NONNULL = YES;
				CLANG_ANALYZER_NUMBER_OBJECT_CONVERSION = YES_AGGRESSIVE;
				CLANG_CXX_LANGUAGE_STANDARD = "gnu++14";
				CLANG_CXX_LIBRARY = "libc++";
				CLANG_ENABLE_MODULES = YES;
				CLANG_ENABLE_OBJC_ARC = YES;
				CLANG_ENABLE_OBJC_WEAK = YES;
				CLANG_WARN_BLOCK_CAPTURE_AUTORELEASING = YES;
				CLANG_WARN_BOOL_CONVERSION = YES;
				CLANG_WARN_COMMA = YES;
				CLANG_WARN_CONSTANT_CONVERSION = YES;
				CLANG_WARN_DEPRECATED_OBJC_IMPLEMENTATIONS = YES;
				CLANG_WARN_DIRECT_OBJC_ISA_USAGE = YES_ERROR;
				CLANG_WARN_DOCUMENTATION_COMMENTS = YES;
				CLANG_WARN_EMPTY_BODY = YES;
				CLANG_WARN_ENUM_CONVERSION = YES;
				CLANG_WARN_INFINITE_RECURSION = YES;
				CLANG_WARN_INT_CONVERSION = YES;
				CLANG_WARN_NON_LITERAL_NULL_CONVERSION = YES;
				CLANG_WARN_OBJC_IMPLICIT_RETAIN_SELF = YES;
				CLANG_WARN_OBJC_LITERAL_CONVERSION = YES;
				CLANG_WARN_OBJC_ROOT_CLASS = YES_ERROR;
				CLANG_WARN_RANGE_LOOP_ANALYSIS = YES;
				CLANG_WARN_STRICT_PROTOTYPES = YES;
				CLANG_WARN_SUSPICIOUS_MOVE = YES;
				CLANG_WARN_UNGUARDED_AVAILABILITY = YES_AGGRESSIVE;
				CLANG_WARN_UNREACHABLE_CODE = YES;
				CLANG_WARN__DUPLICATE_METHOD_MATCH = YES;
				COPY_PHASE_STRIP = NO;
				DEBUG_INFORMATION_FORMAT = "dwarf-with-dsym";
				ENABLE_NS_ASSERTIONS = NO;
				ENABLE_STRICT_OBJC_MSGSEND = YES;
				GCC_C_LANGUAGE_STANDARD = gnu11;
				GCC_NO_COMMON_BLOCKS = YES;
				GCC_WARN_64_TO_32_BIT_CONVERSION = YES;
				GCC_WARN_ABOUT_RETURN_TYPE = YES_ERROR;
				GCC_WARN_UNDECLARED_SELECTOR = YES;
				GCC_WARN_UNINITIALIZED_AUTOS = YES_AGGRESSIVE;
				GCC_WARN_UNUSED_FUNCTION = YES;
				GCC_WARN_UNUSED_VARIABLE = YES;
				IPHONEOS_DEPLOYMENT_TARGET = 13.2;
				MTL_ENABLE_DEBUG_INFO = NO;
				MTL_FAST_MATH = YES;
				SDKROOT = iphoneos;
				SWIFT_COMPILATION_MODE = wholemodule;
				SWIFT_OPTIMIZATION_LEVEL = "-O";
				VALIDATE_PRODUCT = YES;
			};
			name = Release;
		};
		97FA14F1238CD84F00E4FC53 /* Debug */ = {
			isa = XCBuildConfiguration;
			buildSettings = {
				ASSETCATALOG_COMPILER_APPICON_NAME = AppIcon;
				CODE_SIGN_STYLE = Automatic;
				INFOPLIST_FILE = Sushi2/Info.plist;
				LD_RUNPATH_SEARCH_PATHS = (
					"$(inherited)",
					"@executable_path/Frameworks",
				);
				PRODUCT_BUNDLE_IDENTIFIER = com.makeschool.Sushi2;
				PRODUCT_NAME = "$(TARGET_NAME)";
				SWIFT_VERSION = 5.0;
				TARGETED_DEVICE_FAMILY = "1,2";
			};
			name = Debug;
		};
		97FA14F2238CD84F00E4FC53 /* Release */ = {
			isa = XCBuildConfiguration;
			buildSettings = {
				ASSETCATALOG_COMPILER_APPICON_NAME = AppIcon;
				CODE_SIGN_STYLE = Automatic;
				INFOPLIST_FILE = Sushi2/Info.plist;
				LD_RUNPATH_SEARCH_PATHS = (
					"$(inherited)",
					"@executable_path/Frameworks",
				);
				PRODUCT_BUNDLE_IDENTIFIER = com.makeschool.Sushi2;
				PRODUCT_NAME = "$(TARGET_NAME)";
				SWIFT_VERSION = 5.0;
				TARGETED_DEVICE_FAMILY = "1,2";
			};
			name = Release;
		};
/* End XCBuildConfiguration section */

/* Begin XCConfigurationList section */
		97FA14D3238CD84D00E4FC53 /* Build configuration list for PBXProject "Sushi2" */ = {
			isa = XCConfigurationList;
			buildConfigurations = (
				97FA14EE238CD84F00E4FC53 /* Debug */,
				97FA14EF238CD84F00E4FC53 /* Release */,
			);
			defaultConfigurationIsVisible = 0;
			defaultConfigurationName = Release;
		};
		97FA14F0238CD84F00E4FC53 /* Build configuration list for PBXNativeTarget "Sushi2" */ = {
			isa = XCConfigurationList;
			buildConfigurations = (
				97FA14F1238CD84F00E4FC53 /* Debug */,
				97FA14F2238CD84F00E4FC53 /* Release */,
			);
			defaultConfigurationIsVisible = 0;
			defaultConfigurationName = Release;
		};
/* End XCConfigurationList section */
	};
	rootObject = 97FA14D0238CD84D00E4FC53 /* Project object */;
}
